
Microsoft Visual Studio Solution File, Format Version 12.00
Project("{FAE04EC0-301F-11D3-BF4B-00C04F79EFBC}") = "MultiProcessor", "MultiProcessor.csproj", "{66108403-D3B9-4AF6-8B77-B9AC6759A062}"
EndProject
Global
	GlobalSection(SolutionConfigurationPlatforms) = preSolution
		Debug|Any CPU = Debug|Any CPU
		Release|Any CPU = Release|Any CPU
	EndGlobalSection
	GlobalSection(ProjectConfigurationPlatforms) = postSolution
		{66108403-D3B9-4AF6-8B77-B9AC6759A062}.Debug|Any CPU.ActiveCfg = Debug|Any CPU
		{66108403-D3B9-4AF6-8B77-B9AC6759A062}.Debug|Any CPU.Build.0 = Debug|Any CPU
		{66108403-D3B9-4AF6-8B77-B9AC6759A062}.Release|Any CPU.ActiveCfg = Release|Any CPU
		{66108403-D3B9-4AF6-8B77-B9AC6759A062}.Release|Any CPU.Build.0 = Release|Any CPU
	EndGlobalSection
EndGlobal
